
Microsoft Visual Studio Solution File, Format Version 12.00
# Visual Studio Version 16
VisualStudioVersion = 16.0.31321.278
MinimumVisualStudioVersion = 10.0.40219.1
Project("{FAE04EC0-301F-11D3-BF4B-00C04F79EFBC}") = "Create-a-Report-Bound-to-JsonDataSource", "Create-a-Report-Bound-to-JsonDataSource.csproj", "{B45136BD-1DE0-40FE-AF9B-AC4EEAC33645}"
EndProject
Global
	GlobalSection(SolutionConfigurationPlatforms) = preSolution
		Debug|Any CPU = Debug|Any CPU
		Release|Any CPU = Release|Any CPU
	EndGlobalSection
	GlobalSection(ProjectConfigurationPlatforms) = postSolution
		{B45136BD-1DE0-40FE-AF9B-AC4EEAC33645}.Debug|Any CPU.ActiveCfg = Debug|Any CPU
		{B45136BD-1DE0-40FE-AF9B-AC4EEAC33645}.Debug|Any CPU.Build.0 = Debug|Any CPU
		{B45136BD-1DE0-40FE-AF9B-AC4EEAC33645}.Release|Any CPU.ActiveCfg = Release|Any CPU
		{B45136BD-1DE0-40FE-AF9B-AC4EEAC33645}.Release|Any CPU.Build.0 = Release|Any CPU
	EndGlobalSection
	GlobalSection(SolutionProperties) = preSolution
		HideSolutionNode = FALSE
	EndGlobalSection
	GlobalSection(ExtensibilityGlobals) = postSolution
		SolutionGuid = {95089942-C478-4C86-89DE-F32CAAD7EA97}
	EndGlobalSection
EndGlobal
